
Microsoft Visual Studio Solution File, Format Version 12.00
# Visual Studio Version 17
VisualStudioVersion = 17.0.31903.59
MinimumVisualStudioVersion = 10.0.40219.1
Project("{2150E333-8FDC-42A3-9474-1A3956D46DE8}") = "src", "src", "{DEE88DF0-BD87-45CE-87E4-ED3CECE97C15}"
EndProject
Project("{FAE04EC0-301F-11D3-BF4B-00C04F79EFBC}") = "Terrain", "src\Terrain\Terrain.csproj", "{AA2EB296-8472-4FEA-B35E-F8F7AF18276B}"
EndProject
Global
	GlobalSection(SolutionConfigurationPlatforms) = preSolution
		Debug|Any CPU = Debug|Any CPU
		Release|Any CPU = Release|Any CPU
	EndGlobalSection
	GlobalSection(SolutionProperties) = preSolution
		HideSolutionNode = FALSE
	EndGlobalSection
	GlobalSection(ProjectConfigurationPlatforms) = postSolution
		{AA2EB296-8472-4FEA-B35E-F8F7AF18276B}.Debug|Any CPU.ActiveCfg = Debug|Any CPU
		{AA2EB296-8472-4FEA-B35E-F8F7AF18276B}.Debug|Any CPU.Build.0 = Debug|Any CPU
		{AA2EB296-8472-4FEA-B35E-F8F7AF18276B}.Release|Any CPU.ActiveCfg = Release|Any CPU
		{AA2EB296-8472-4FEA-B35E-F8F7AF18276B}.Release|Any CPU.Build.0 = Release|Any CPU
	EndGlobalSection
	GlobalSection(NestedProjects) = preSolution
		{AA2EB296-8472-4FEA-B35E-F8F7AF18276B} = {DEE88DF0-BD87-45CE-87E4-ED3CECE97C15}
	EndGlobalSection
EndGlobal
